PODS:
  - Kingfisher (4.10.1)
  - NVActivityIndicatorView (4.4.0):
    - NVActivityIndicatorView/Presenter (= 4.4.0)
  - NVActivityIndicatorView/Presenter (4.4.0)
  - R.swift (5.0.0.alpha.2):
    - R.swift.Library (~> 5.0.0.alpha.2)
  - R.swift.Library (5.0.0.alpha.2)
  - Sourcery (0.15.0)
  - URLNavigator (2.1.0)

DEPENDENCIES:
  - Kingfisher (~> 4.10.0)
  - NVActivityIndicatorView
  - R.swift (= 5.0.0.alpha.2)
  - Sourcery (~> 0.10)
  - URLNavigator

SPEC REPOS:
  https://github.com/CocoaPods/Specs.git:
    - Kingfisher
    - NVActivityIndicatorView
    - R.swift
    - R.swift.Library
    - Sourcery
    - URLNavigator

SPEC CHECKSUMS:
  Kingfisher: c148cd7b47ebde9989f6bc7c27dcaa79d81279a0
  NVActivityIndicatorView: ec7440a57af2450319d3a4181cca7da6fc127064
  R.swift: 31fa1bd537fa81307815cc622122f33331f32174
  R.swift.Library: 3c21b823839bf5a6769dc7f96cb44479dab51b1b
  Sourcery: 5895672cae353cdbfa95f3f4aaeb75a664d76f6a
  URLNavigator: e8cea3835b3456d7876eb728831e742273c8d209

PODFILE CHECKSUM: bc933e25235744154b6d72d6681bcfdc45022c9d

COCOAPODS: 1.5.0
